
Microsoft Visual Studio Solution File, Format Version 12.00
# Visual Studio Version 17
VisualStudioVersion = 17.9.34622.214
MinimumVisualStudioVersion = 10.0.40219.1
Project("{FBA8FC76-8244-4CAF-BEEE-1179FE503168}") = "Simple MAC Changer", "Simple MAC Changer\Simple MAC Changer.csproj", "{A8DF99A8-1371-4E05-8D86-E11041193BB2}"
EndProject
Global
	GlobalSection(SolutionConfigurationPlatforms) = preSolution
		Debug|Any CPU = Debug|Any CPU
		Release|Any CPU = Release|Any CPU
	EndGlobalSection
	GlobalSection(ProjectConfigurationPlatforms) = postSolution
		{A8DF99A8-1371-4E05-8D86-E11041193BB2}.Debug|Any CPU.ActiveCfg = Debug|Any CPU
		{A8DF99A8-1371-4E05-8D86-E11041193BB2}.Debug|Any CPU.Build.0 = Debug|Any CPU
		{A8DF99A8-1371-4E05-8D86-E11041193BB2}.Release|Any CPU.ActiveCfg = Release|Any CPU
		{A8DF99A8-1371-4E05-8D86-E11041193BB2}.Release|Any CPU.Build.0 = Release|Any CPU
	EndGlobalSection
	GlobalSection(SolutionProperties) = preSolution
		HideSolutionNode = FALSE
	EndGlobalSection
	GlobalSection(ExtensibilityGlobals) = postSolution
		SolutionGuid = {A691796E-B4B1-4DEE-8AAC-DF4981DBB765}
	EndGlobalSection
EndGlobal
